// !$*UTF8*$!
{
	archiveVersion = 1;
	classes = {
	};
	objectVersion = 46;
	objects = {

/* Begin PBXBuildFile section */
		2F1435171BC7F02D00580339 /* AppDelegate.swift in Sources */ = {isa = PBXBuildFile; fileRef = 2F1435161BC7F02D00580339 /* AppDelegate.swift */; };
		2F1435191BC7F02D00580339 /* ViewController.swift in Sources */ = {isa = PBXBuildFile; fileRef = 2F1435181BC7F02D00580339 /* ViewController.swift */; };
		2F14351C1BC7F02D00580339 /* Main.storyboard in Resources */ = {isa = PBXBuildFile; fileRef = 2F14351A1BC7F02D00580339 /* Main.storyboard */; };
		2F14351E1BC7F02D00580339 /* Assets.xcassets in Resources */ = {isa = PBXBuildFile; fileRef = 2F14351D1BC7F02D00580339 /* Assets.xcassets */; };
		2F1435211BC7F02D00580339 /* LaunchScreen.storyboard in Resources */ = {isa = PBXBuildFile; fileRef = 2F14351F1BC7F02D00580339 /* LaunchScreen.storyboard */; };
		2F14352C1BC7F02D00580339 /* ViewControlsTests.swift in Sources */ = {isa = PBXBuildFile; fileRef = 2F14352B1BC7F02D00580339 /* ViewControlsTests.swift */; };
		2F1435371BC7F02D00580339 /* ViewControlsUITests.swift in Sources */ = {isa = PBXBuildFile; fileRef = 2F1435361BC7F02D00580339 /* ViewControlsUITests.swift */; };
		2F1435451BC80E4900580339 /* TripPresentationControl.swift in Sources */ = {isa = PBXBuildFile; fileRef = 2F1435441BC80E4900580339 /* TripPresentationControl.swift */; settings = {ASSET_TAGS = (); }; };
		2F1435471BC91E5000580339 /* Dynamic.swift in Sources */ = {isa = PBXBuildFile; fileRef = 2F1435461BC91E5000580339 /* Dynamic.swift */; settings = {ASSET_TAGS = (); }; };
/* End PBXBuildFile section */

/* Begin PBXContainerItemProxy section */
		2F1435281BC7F02D00580339 /* PBXContainerItemProxy */ = {
			isa = PBXContainerItemProxy;
			containerPortal = 2F14350B1BC7F02D00580339 /* Project object */;
			proxyType = 1;
			remoteGlobalIDString = 2F1435121BC7F02D00580339;
			remoteInfo = ViewControls;
		};
		2F1435331BC7F02D00580339 /* PBXContainerItemProxy */ = {
			isa = PBXContainerItemProxy;
			containerPortal = 2F14350B1BC7F02D00580339 /* Project object */;
			proxyType = 1;
			remoteGlobalIDString = 2F1435121BC7F02D00580339;
			remoteInfo = ViewControls;
		};
/* End PBXContainerItemProxy section */

/* Begin PBXFileReference section */
		2F1435131BC7F02D00580339 /* ViewControls.app */ = {isa = PBXFileReference; explicitFileType = wrapper.application; includeInIndex = 0; path = ViewControls.app; sourceTree = BUILT_PRODUCTS_DIR; };
		2F1435161BC7F02D00580339 /* AppDelegate.swift */ = {isa = PBXFileReference; lastKnownFileType = sourcecode.swift; path = AppDelegate.swift; sourceTree = "<group>"; };
		2F1435181BC7F02D00580339 /* ViewController.swift */ = {isa = PBXFileReference; lastKnownFileType = sourcecode.swift; path = ViewController.swift; sourceTree = "<group>"; };
		2F14351B1BC7F02D00580339 /* Base */ = {isa = PBXFileReference; lastKnownFileType = file.storyboard; name = Base; path = Base.lproj/Main.storyboard; sourceTree = "<group>"; };
		2F14351D1BC7F02D00580339 /* Assets.xcassets */ = {isa = PBXFileReference; lastKnownFileType = folder.assetcatalog; path = Assets.xcassets; sourceTree = "<group>"; };
		2F1435201BC7F02D00580339 /* Base */ = {isa = PBXFileReference; lastKnownFileType = file.storyboard; name = Base; path = Base.lproj/LaunchScreen.storyboard; sourceTree = "<group>"; };
		2F1435221BC7F02D00580339 /* Info.plist */ = {isa = PBXFileReference; lastKnownFileType = text.plist.xml; path = Info.plist; sourceTree = "<group>"; };
		2F1435271BC7F02D00580339 /* ViewControlsTests.xctest */ = {isa = PBXFileReference; explicitFileType = wrapper.cfbundle; includeInIndex = 0; path = ViewControlsTests.xctest; sourceTree = BUILT_PRODUCTS_DIR; };
		2F14352B1BC7F02D00580339 /* ViewControlsTests.swift */ = {isa = PBXFileReference; lastKnownFileType = sourcecode.swift; path = ViewControlsTests.swift; sourceTree = "<group>"; };
		2F14352D1BC7F02D00580339 /* Info.plist */ = {isa = PBXFileReference; lastKnownFileType = text.plist.xml; path = Info.plist; sourceTree = "<group>"; };
		2F1435321BC7F02D00580339 /* ViewControlsUITests.xctest */ = {isa = PBXFileReference; explicitFileType = wrapper.cfbundle; includeInIndex = 0; path = ViewControlsUITests.xctest; sourceTree = BUILT_PRODUCTS_DIR; };
		2F1435361BC7F02D00580339 /* ViewControlsUITests.swift */ = {isa = PBXFileReference; lastKnownFileType = sourcecode.swift; path = ViewControlsUITests.swift; sourceTree = "<group>"; };
		2F1435381BC7F02D00580339 /* Info.plist */ = {isa = PBXFileReference; lastKnownFileType = text.plist.xml; path = Info.plist; sourceTree = "<group>"; };
		2F1435441BC80E4900580339 /* TripPresentationControl.swift */ = {isa = PBXFileReference; fileEncoding = 4; lastKnownFileType = sourcecode.swift; path = TripPresentationControl.swift; sourceTree = "<group>"; };
		2F1435461BC91E5000580339 /* Dynamic.swift */ = {isa = PBXFileReference; fileEncoding = 4; lastKnownFileType = sourcecode.swift; path = Dynamic.swift; sourceTree = "<group>"; };
/* End PBXFileReference section */

/* Begin PBXFrameworksBuildPhase section */
		2F1435101BC7F02D00580339 /* Frameworks */ = {
			isa = PBXFrameworksBuildPhase;
			buildActionMask = 2147483647;
			files = (
			);
			runOnlyForDeploymentPostprocessing = 0;
		};
		2F1435241BC7F02D00580339 /* Frameworks */ = {
			isa = PBXFrameworksBuildPhase;
			buildActionMask = 2147483647;
			files = (
			);
			runOnlyForDeploymentPostprocessing = 0;
		};
		2F14352F1BC7F02D00580339 /* Frameworks */ = {
			isa = PBXFrameworksBuildPhase;
			buildActionMask = 2147483647;
			files = (
			);
			runOnlyForDeploymentPostprocessing = 0;
		};
/* End PBXFrameworksBuildPhase section */

/* Begin PBXGroup section */
		2F14350A1BC7F02D00580339 = {
			isa = PBXGroup;
			children = (
				2F1435151BC7F02D00580339 /* ViewControls */,
				2F14352A1BC7F02D00580339 /* ViewControlsTests */,
				2F1435351BC7F02D00580339 /* ViewControlsUITests */,
				2F1435141BC7F02D00580339 /* Products */,
			);
			sourceTree = "<group>";
		};
		2F1435141BC7F02D00580339 /* Products */ = {
			isa = PBXGroup;
			children = (
				2F1435131BC7F02D00580339 /* ViewControls.app */,
				2F1435271BC7F02D00580339 /* ViewControlsTests.xctest */,
				2F1435321BC7F02D00580339 /* ViewControlsUITests.xctest */,
			);
			name = Products;
			sourceTree = "<group>";
		};
		2F1435151BC7F02D00580339 /* ViewControls */ = {
			isa = PBXGroup;
			children = (
				2F1435161BC7F02D00580339 /* AppDelegate.swift */,
				2F1435461BC91E5000580339 /* Dynamic.swift */,
				2F1435181BC7F02D00580339 /* ViewController.swift */,
				2F14351A1BC7F02D00580339 /* Main.storyboard */,
				2F14351D1BC7F02D00580339 /* Assets.xcassets */,
				2F14351F1BC7F02D00580339 /* LaunchScreen.storyboard */,
				2F1435221BC7F02D00580339 /* Info.plist */,
				2F1435441BC80E4900580339 /* TripPresentationControl.swift */,
			);
			path = ViewControls;
			sourceTree = "<group>";
		};
		2F14352A1BC7F02D00580339 /* ViewControlsTests */ = {
			isa = PBXGroup;
			children = (
				2F14352B1BC7F02D00580339 /* ViewControlsTests.swift */,
				2F14352D1BC7F02D00580339 /* Info.plist */,
			);
			path = ViewControlsTests;
			sourceTree = "<group>";
		};
		2F1435351BC7F02D00580339 /* ViewControlsUITests */ = {
			isa = PBXGroup;
			children = (
				2F1435361BC7F02D00580339 /* ViewControlsUITests.swift */,
				2F1435381BC7F02D00580339 /* Info.plist */,
			);
			path = ViewControlsUITests;
			sourceTree = "<group>";
		};
/* End PBXGroup section */

/* Begin PBXNativeTarget section */
		2F1435121BC7F02D00580339 /* ViewControls */ = {
			isa = PBXNativeTarget;
			buildConfigurationList = 2F14353B1BC7F02D00580339 /* Build configuration list for PBXNativeTarget "ViewControls" */;
			buildPhases = (
				2F14350F1BC7F02D00580339 /* Sources */,
				2F1435101BC7F02D00580339 /* Frameworks */,
				2F1435111BC7F02D00580339 /* Resources */,
			);
			buildRules = (
			);
			dependencies = (
			);
			name = ViewControls;
			productName = ViewControls;
			productReference = 2F1435131BC7F02D00580339 /* ViewControls.app */;
			productType = "com.apple.product-type.application";
		};
		2F1435261BC7F02D00580339 /* ViewControlsTests */ = {
			isa = PBXNativeTarget;
			buildConfigurationList = 2F14353E1BC7F02D00580339 /* Build configuration list for PBXNativeTarget "ViewControlsTests" */;
			buildPhases = (
				2F1435231BC7F02D00580339 /* Sources */,
				2F1435241BC7F02D00580339 /* Frameworks */,
				2F1435251BC7F02D00580339 /* Resources */,
			);
			buildRules = (
			);
			dependencies = (
				2F1435291BC7F02D00580339 /* PBXTargetDependency */,
			);
			name = ViewControlsTests;
			productName = ViewControlsTests;
			productReference = 2F1435271BC7F02D00580339 /* ViewControlsTests.xctest */;
			productType = "com.apple.product-type.bundle.unit-test";
		};
		2F1435311BC7F02D00580339 /* ViewControlsUITests */ = {
			isa = PBXNativeTarget;
			buildConfigurationList = 2F1435411BC7F02D00580339 /* Build configuration list for PBXNativeTarget "ViewControlsUITests" */;
			buildPhases = (
				2F14352E1BC7F02D00580339 /* Sources */,
				2F14352F1BC7F02D00580339 /* Frameworks */,
				2F1435301BC7F02D00580339 /* Resources */,
			);
			buildRules = (
			);
			dependencies = (
				2F1435341BC7F02D00580339 /* PBXTargetDependency */,
			);
			name = ViewControlsUITests;
			productName = ViewControlsUITests;
			productReference = 2F1435321BC7F02D00580339 /* ViewControlsUITests.xctest */;
			productType = "com.apple.product-type.bundle.ui-testing";
		};
/* End PBXNativeTarget section */

/* Begin PBXProject section */
		2F14350B1BC7F02D00580339 /* Project object */ = {
			isa = PBXProject;
			attributes = {
				LastUpgradeCheck = 0700;
				ORGANIZATIONNAME = Xebia;
				TargetAttributes = {
					2F1435121BC7F02D00580339 = {
						CreatedOnToolsVersion = 7.0.1;
					};
					2F1435261BC7F02D00580339 = {
						CreatedOnToolsVersion = 7.0.1;
						TestTargetID = 2F1435121BC7F02D00580339;
					};
					2F1435311BC7F02D00580339 = {
						CreatedOnToolsVersion = 7.0.1;
						TestTargetID = 2F1435121BC7F02D00580339;
					};
				};
			};
			buildConfigurationList = 2F14350E1BC7F02D00580339 /* Build configuration list for PBXProject "ViewControls" */;
			compatibilityVersion = "Xcode 3.2";
			developmentRegion = English;
			hasScannedForEncodings = 0;
			knownRegions = (
				en,
				Base,
			);
			mainGroup = 2F14350A1BC7F02D00580339;
			productRefGroup = 2F1435141BC7F02D00580339 /* Products */;
			projectDirPath = "";
			projectRoot = "";
			targets = (
				2F1435121BC7F02D00580339 /* ViewControls */,
				2F1435261BC7F02D00580339 /* ViewControlsTests */,
				2F1435311BC7F02D00580339 /* ViewControlsUITests */,
			);
		};
/* End PBXProject section */

/* Begin PBXResourcesBuildPhase section */
		2F1435111BC7F02D00580339 /* Resources */ = {
			isa = PBXResourcesBuildPhase;
			buildActionMask = 2147483647;
			files = (
				2F1435211BC7F02D00580339 /* LaunchScreen.storyboard in Resources */,
				2F14351E1BC7F02D00580339 /* Assets.xcassets in Resources */,
				2F14351C1BC7F02D00580339 /* Main.storyboard in Resources */,
			);
			runOnlyForDeploymentPostprocessing = 0;
		};
		2F1435251BC7F02D00580339 /* Resources */ = {
			isa = PBXResourcesBuildPhase;
			buildActionMask = 2147483647;
			files = (
			);
			runOnlyForDeploymentPostprocessing = 0;
		};
		2F1435301BC7F02D00580339 /* Resources */ = {
			isa = PBXResourcesBuildPhase;
			buildActionMask = 2147483647;
			files = (
			);
			runOnlyForDeploymentPostprocessing = 0;
		};
/* End PBXResourcesBuildPhase section */

/* Begin PBXSourcesBuildPhase section */
		2F14350F1BC7F02D00580339 /* Sources */ = {
			isa = PBXSourcesBuildPhase;
			buildActionMask = 2147483647;
			files = (
				2F1435451BC80E4900580339 /* TripPresentationControl.swift in Sources */,
				2F1435471BC91E5000580339 /* Dynamic.swift in Sources */,
				2F1435191BC7F02D00580339 /* ViewController.swift in Sources */,
				2F1435171BC7F02D00580339 /* AppDelegate.swift in Sources */,
			);
			runOnlyForDeploymentPostprocessing = 0;
		};
		2F1435231BC7F02D00580339 /* Sources */ = {
			isa = PBXSourcesBuildPhase;
			buildActionMask = 2147483647;
			files = (
				2F14352C1BC7F02D00580339 /* ViewControlsTests.swift in Sources */,
			);
			runOnlyForDeploymentPostprocessing = 0;
		};
		2F14352E1BC7F02D00580339 /* Sources */ = {
			isa = PBXSourcesBuildPhase;
			buildActionMask = 2147483647;
			files = (
				2F1435371BC7F02D00580339 /* ViewControlsUITests.swift in Sources */,
			);
			runOnlyForDeploymentPostprocessing = 0;
		};
/* End PBXSourcesBuildPhase section */

/* Begin PBXTargetDependency section */
		2F1435291BC7F02D00580339 /* PBXTargetDependency */ = {
			isa = PBXTargetDependency;
			target = 2F1435121BC7F02D00580339 /* ViewControls */;
			targetProxy = 2F1435281BC7F02D00580339 /* PBXContainerItemProxy */;
		};
		2F1435341BC7F02D00580339 /* PBXTargetDependency */ = {
			isa = PBXTargetDependency;
			target = 2F1435121BC7F02D00580339 /* ViewControls */;
			targetProxy = 2F1435331BC7F02D00580339 /* PBXContainerItemProxy */;
		};
/* End PBXTargetDependency section */

/* Begin PBXVariantGroup section */
		2F14351A1BC7F02D00580339 /* Main.storyboard */ = {
			isa = PBXVariantGroup;
			children = (
				2F14351B1BC7F02D00580339 /* Base */,
			);
			name = Main.storyboard;
			sourceTree = "<group>";
		};
		2F14351F1BC7F02D00580339 /* LaunchScreen.storyboard */ = {
			isa = PBXVariantGroup;
			children = (
				2F1435201BC7F02D00580339 /* Base */,
			);
			name = LaunchScreen.storyboard;
			sourceTree = "<group>";
		};
/* End PBXVariantGroup section */

/* Begin XCBuildConfiguration section */
		2F1435391BC7F02D00580339 /* Debug */ = {
			isa = XCBuildConfiguration;
			buildSettings = {
				ALWAYS_SEARCH_USER_PATHS = NO;
				CLANG_CXX_LANGUAGE_STANDARD = "gnu++0x";
				CLANG_CXX_LIBRARY = "libc++";
				CLANG_ENABLE_MODULES = YES;
				CLANG_ENABLE_OBJC_ARC = YES;
				CLANG_WARN_BOOL_CONVERSION = YES;
				CLANG_WARN_CONSTANT_CONVERSION = YES;
				CLANG_WARN_DIRECT_OBJC_ISA_USAGE = YES_ERROR;
				CLANG_WARN_EMPTY_BODY = YES;
				CLANG_WARN_ENUM_CONVERSION = YES;
				CLANG_WARN_INT_CONVERSION = YES;
				CLANG_WARN_OBJC_ROOT_CLASS = YES_ERROR;
				CLANG_WARN_UNREACHABLE_CODE = YES;
				CLANG_WARN__DUPLICATE_METHOD_MATCH = YES;
				"CODE_SIGN_IDENTITY[sdk=iphoneos*]" = "iPhone Developer";
				COPY_PHASE_STRIP = NO;
				DEBUG_INFORMATION_FORMAT = dwarf;
				ENABLE_STRICT_OBJC_MSGSEND = YES;
				ENABLE_TESTABILITY = YES;
				GCC_C_LANGUAGE_STANDARD = gnu99;
				GCC_DYNAMIC_NO_PIC = NO;
				GCC_NO_COMMON_BLOCKS = YES;
				GCC_OPTIMIZATION_LEVEL = 0;
				GCC_PREPROCESSOR_DEFINITIONS = (
					"DEBUG=1",
					"$(inherited)",
				);
				GCC_WARN_64_TO_32_BIT_CONVERSION = YES;
				GCC_WARN_ABOUT_RETURN_TYPE = YES_ERROR;
				GCC_WARN_UNDECLARED_SELECTOR = YES;
				GCC_WARN_UNINITIALIZED_AUTOS = YES_AGGRESSIVE;
				GCC_WARN_UNUSED_FUNCTION = YES;
				GCC_WARN_UNUSED_VARIABLE = YES;
				IPHONEOS_DEPLOYMENT_TARGET = 9.0;
				MTL_ENABLE_DEBUG_INFO = YES;
				ONLY_ACTIVE_ARCH = YES;
				SDKROOT = iphoneos;
				SWIFT_OPTIMIZATION_LEVEL = "-Onone";
			};
			name = Debug;
		};
		2F14353A1BC7F02D00580339 /* Release */ = {
			isa = XCBuildConfiguration;
			buildSettings = {
				ALWAYS_SEARCH_USER_PATHS = NO;
				CLANG_CXX_LANGUAGE_STANDARD = "gnu++0x";
				CLANG_CXX_LIBRARY = "libc++";
				CLANG_ENABLE_MODULES = YES;
				CLANG_ENABLE_OBJC_ARC = YES;
				CLANG_WARN_BOOL_CONVERSION = YES;
				CLANG_WARN_CONSTANT_CONVERSION = YES;
				CLANG_WARN_DIRECT_OBJC_ISA_USAGE = YES_ERROR;
				CLANG_WARN_EMPTY_BODY = YES;
				CLANG_WARN_ENUM_CONVERSION = YES;
				CLANG_WARN_INT_CONVERSION = YES;
				CLANG_WARN_OBJC_ROOT_CLASS = YES_ERROR;
				CLANG_WARN_UNREACHABLE_CODE = YES;
				CLANG_WARN__DUPLICATE_METHOD_MATCH = YES;
				"CODE_SIGN_IDENTITY[sdk=iphoneos*]" = "iPhone Developer";
				COPY_PHASE_STRIP = NO;
				DEBUG_INFORMATION_FORMAT = "dwarf-with-dsym";
				ENABLE_NS_ASSERTIONS = NO;
				ENABLE_STRICT_OBJC_MSGSEND = YES;
				GCC_C_LANGUAGE_STANDARD = gnu99;
				GCC_NO_COMMON_BLOCKS = YES;
				GCC_WARN_64_TO_32_BIT_CONVERSION = YES;
				GCC_WARN_ABOUT_RETURN_TYPE = YES_ERROR;
				GCC_WARN_UNDECLARED_SELECTOR = YES;
				GCC_WARN_UNINITIALIZED_AUTOS = YES_AGGRESSIVE;
				GCC_WARN_UNUSED_FUNCTION = YES;
				GCC_WARN_UNUSED_VARIABLE = YES;
				IPHONEOS_DEPLOYMENT_TARGET = 9.0;
				MTL_ENABLE_DEBUG_INFO = NO;
				SDKROOT = iphoneos;
				VALIDATE_PRODUCT = YES;
			};
			name = Release;
		};
		2F14353C1BC7F02D00580339 /* Debug */ = {
			isa = XCBuildConfiguration;
			buildSettings = {
				ASSETCATALOG_COMPILER_APPICON_NAME = AppIcon;
				INFOPLIST_FILE = ViewControls/Info.plist;
				LD_RUNPATH_SEARCH_PATHS = "$(inherited) @executable_path/Frameworks";
				PRODUCT_BUNDLE_IDENTIFIER = com.xebia.ViewControls;
				PRODUCT_NAME = "$(TARGET_NAME)";
			};
			name = Debug;
		};
		2F14353D1BC7F02D00580339 /* Release */ = {
			isa = XCBuildConfiguration;
			buildSettings = {
				ASSETCATALOG_COMPILER_APPICON_NAME = AppIcon;
				INFOPLIST_FILE = ViewControls/Info.plist;
				LD_RUNPATH_SEARCH_PATHS = "$(inherited) @executable_path/Frameworks";
				PRODUCT_BUNDLE_IDENTIFIER = com.xebia.ViewControls;
				PRODUCT_NAME = "$(TARGET_NAME)";
			};
			name = Release;
		};
		2F14353F1BC7F02D00580339 /* Debug */ = {
			isa = XCBuildConfiguration;
			buildSettings = {
				BUNDLE_LOADER = "$(TEST_HOST)";
				INFOPLIST_FILE = ViewControlsTests/Info.plist;
				LD_RUNPATH_SEARCH_PATHS = "$(inherited) @executable_path/Frameworks @loader_path/Frameworks";
				PRODUCT_BUNDLE_IDENTIFIER = com.xebia.ViewControlsTests;
				PRODUCT_NAME = "$(TARGET_NAME)";
				TEST_HOST = "$(BUILT_PRODUCTS_DIR)/ViewControls.app/ViewControls";
			};
			name = Debug;
		};
		2F1435401BC7F02D00580339 /* Release */ = {
			isa = XCBuildConfiguration;
			buildSettings = {
				BUNDLE_LOADER = "$(TEST_HOST)";
				INFOPLIST_FILE = ViewControlsTests/Info.plist;
				LD_RUNPATH_SEARCH_PATHS = "$(inherited) @executable_path/Frameworks @loader_path/Frameworks";
				PRODUCT_BUNDLE_IDENTIFIER = com.xebia.ViewControlsTests;
				PRODUCT_NAME = "$(TARGET_NAME)";
				TEST_HOST = "$(BUILT_PRODUCTS_DIR)/ViewControls.app/ViewControls";
			};
			name = Release;
		};
		2F1435421BC7F02D00580339 /* Debug */ = {
			isa = XCBuildConfiguration;
			buildSettings = {
				INFOPLIST_FILE = ViewControlsUITests/Info.plist;
				LD_RUNPATH_SEARCH_PATHS = "$(inherited) @executable_path/Frameworks @loader_path/Frameworks";
				PRODUCT_BUNDLE_IDENTIFIER = com.xebia.ViewControlsUITests;
				PRODUCT_NAME = "$(TARGET_NAME)";
				TEST_TARGET_NAME = ViewControls;
				USES_XCTRUNNER = YES;
			};
			name = Debug;
		};
		2F1435431BC7F02D00580339 /* Release */ = {
			isa = XCBuildConfiguration;
			buildSettings = {
				INFOPLIST_FILE = ViewControlsUITests/Info.plist;
				LD_RUNPATH_SEARCH_PATHS = "$(inherited) @executable_path/Frameworks @loader_path/Frameworks";
				PRODUCT_BUNDLE_IDENTIFIER = com.xebia.ViewControlsUITests;
				PRODUCT_NAME = "$(TARGET_NAME)";
				TEST_TARGET_NAME = ViewControls;
				USES_XCTRUNNER = YES;
			};
			name = Release;
		};
/* End XCBuildConfiguration section */

/* Begin XCConfigurationList section */
		2F14350E1BC7F02D00580339 /* Build configuration list for PBXProject "ViewControls" */ = {
			isa = XCConfigurationList;
			buildConfigurations = (
				2F1435391BC7F02D00580339 /* Debug */,
				2F14353A1BC7F02D00580339 /* Release */,
			);
			defaultConfigurationIsVisible = 0;
			defaultConfigurationName = Release;
		};
		2F14353B1BC7F02D00580339 /* Build configuration list for PBXNativeTarget "ViewControls" */ = {
			isa = XCConfigurationList;
			buildConfigurations = (
				2F14353C1BC7F02D00580339 /* Debug */,
				2F14353D1BC7F02D00580339 /* Release */,
			);
			defaultConfigurationIsVisible = 0;
		};
		2F14353E1BC7F02D00580339 /* Build configuration list for PBXNativeTarget "ViewControlsTests" */ = {
			isa = XCConfigurationList;
			buildConfigurations = (
				2F14353F1BC7F02D00580339 /* Debug */,
				2F1435401BC7F02D00580339 /* Release */,
			);
			defaultConfigurationIsVisible = 0;
		};
		2F1435411BC7F02D00580339 /* Build configuration list for PBXNativeTarget "ViewControlsUITests" */ = {
			isa = XCConfigurationList;
			buildConfigurations = (
				2F1435421BC7F02D00580339 /* Debug */,
				2F1435431BC7F02D00580339 /* Release */,
			);
			defaultConfigurationIsVisible = 0;
		};
/* End XCConfigurationList section */
	};
	rootObject = 2F14350B1BC7F02D00580339 /* Project object */;
}
